// !$*UTF8*$!
{
	archiveVersion = 1;
	classes = {
	};
	objectVersion = 48;
	objects = {

/* Begin PBXBuildFile section */
		699AF342212ECFF100F535CC /* AppDelegate.swift in Sources */ = {isa = PBXBuildFile; fileRef = 699AF341212ECFF100F535CC /* AppDelegate.swift */; };
		699AF344212ECFF100F535CC /* ViewController.swift in Sources */ = {isa = PBXBuildFile; fileRef = 699AF343212ECFF100F535CC /* ViewController.swift */; };
		699AF347212ECFF100F535CC /* Main.storyboard in Resources */ = {isa = PBXBuildFile; fileRef = 699AF345212ECFF100F535CC /* Main.storyboard */; };
		699AF349212ECFF100F535CC /* Assets.xcassets in Resources */ = {isa = PBXBuildFile; fileRef = 699AF348212ECFF100F535CC /* Assets.xcassets */; };
		699AF34C212ECFF100F535CC /* LaunchScreen.storyboard in Resources */ = {isa = PBXBuildFile; fileRef = 699AF34A212ECFF100F535CC /* LaunchScreen.storyboard */; };
/* End PBXBuildFile section */

/* Begin PBXFileReference section */
		699AF33E212ECFF100F535CC /* SwiftGDMap.app */ = {isa = PBXFileReference; explicitFileType = wrapper.application; includeInIndex = 0; path = SwiftGDMap.app; sourceTree = BUILT_PRODUCTS_DIR; };
		699AF341212ECFF100F535CC /* AppDelegate.swift */ = {isa = PBXFileReference; lastKnownFileType = sourcecode.swift; path = AppDelegate.swift; sourceTree = "<group>"; };
		699AF343212ECFF100F535CC /* ViewController.swift */ = {isa = PBXFileReference; lastKnownFileType = sourcecode.swift; path = ViewController.swift; sourceTree = "<group>"; };
		699AF346212ECFF100F535CC /* Base */ = {isa = PBXFileReference; lastKnownFileType = file.storyboard; name = Base; path = Base.lproj/Main.storyboard; sourceTree = "<group>"; };
		699AF348212ECFF100F535CC /* Assets.xcassets */ = {isa = PBXFileReference; lastKnownFileType = folder.assetcatalog; path = Assets.xcassets; sourceTree = "<group>"; };
		699AF34B212ECFF100F535CC /* Base */ = {isa = PBXFileReference; lastKnownFileType = file.storyboard; name = Base; path = Base.lproj/LaunchScreen.storyboard; sourceTree = "<group>"; };
		699AF34D212ECFF100F535CC /* Info.plist */ = {isa = PBXFileReference; lastKnownFileType = text.plist.xml; path = Info.plist; sourceTree = "<group>"; };
/* End PBXFileReference section */

/* Begin PBXFrameworksBuildPhase section */
		699AF33B212ECFF100F535CC /* Frameworks */ = {
			isa = PBXFrameworksBuildPhase;
			buildActionMask = 2147483647;
			files = (
			);
			runOnlyForDeploymentPostprocessing = 0;
		};
/* End PBXFrameworksBuildPhase section */

/* Begin PBXGroup section */
		699AF335212ECFF100F535CC = {
			isa = PBXGroup;
			children = (
				699AF340212ECFF100F535CC /* SwiftGDMap */,
				699AF33F212ECFF100F535CC /* Products */,
			);
			sourceTree = "<group>";
		};
		699AF33F212ECFF100F535CC /* Products */ = {
			isa = PBXGroup;
			children = (
				699AF33E212ECFF100F535CC /* SwiftGDMap.app */,
			);
			name = Products;
			sourceTree = "<group>";
		};
		699AF340212ECFF100F535CC /* SwiftGDMap */ = {
			isa = PBXGroup;
			children = (
				699AF341212ECFF100F535CC /* AppDelegate.swift */,
				699AF343212ECFF100F535CC /* ViewController.swift */,
				699AF345212ECFF100F535CC /* Main.storyboard */,
				699AF348212ECFF100F535CC /* Assets.xcassets */,
				699AF34A212ECFF100F535CC /* LaunchScreen.storyboard */,
				699AF34D212ECFF100F535CC /* Info.plist */,
			);
			path = SwiftGDMap;
			sourceTree = "<group>";
		};
/* End PBXGroup section */

/* Begin PBXNativeTarget section */
		699AF33D212ECFF100F535CC /* SwiftGDMap */ = {
			isa = PBXNativeTarget;
			buildConfigurationList = 699AF350212ECFF100F535CC /* Build configuration list for PBXNativeTarget "SwiftGDMap" */;
			buildPhases = (
				699AF33A212ECFF100F535CC /* Sources */,
				699AF33B212ECFF100F535CC /* Frameworks */,
				699AF33C212ECFF100F535CC /* Resources */,
			);
			buildRules = (
			);
			dependencies = (
			);
			name = SwiftGDMap;
			productName = SwiftGDMap;
			productReference = 699AF33E212ECFF100F535CC /* SwiftGDMap.app */;
			productType = "com.apple.product-type.application";
		};
/* End PBXNativeTarget section */

/* Begin PBXProject section */
		699AF336212ECFF100F535CC /* Project object */ = {
			isa = PBXProject;
			attributes = {
				LastSwiftUpdateCheck = 0920;
				LastUpgradeCheck = 0920;
				ORGANIZATIONNAME = Bamboo;
				TargetAttributes = {
					699AF33D212ECFF100F535CC = {
						CreatedOnToolsVersion = 9.2;
						ProvisioningStyle = Automatic;
					};
				};
			};
			buildConfigurationList = 699AF339212ECFF100F535CC /* Build configuration list for PBXProject "SwiftGDMap" */;
			compatibilityVersion = "Xcode 8.0";
			developmentRegion = en;
			hasScannedForEncodings = 0;
			knownRegions = (
				en,
				Base,
			);
			mainGroup = 699AF335212ECFF100F535CC;
			productRefGroup = 699AF33F212ECFF100F535CC /* Products */;
			projectDirPath = "";
			projectRoot = "";
			targets = (
				699AF33D212ECFF100F535CC /* SwiftGDMap */,
			);
		};
/* End PBXProject section */

/* Begin PBXResourcesBuildPhase section */
		699AF33C212ECFF100F535CC /* Resources */ = {
			isa = PBXResourcesBuildPhase;
			buildActionMask = 2147483647;
			files = (
				699AF34C212ECFF100F535CC /* LaunchScreen.storyboard in Resources */,
				699AF349212ECFF100F535CC /* Assets.xcassets in Resources */,
				699AF347212ECFF100F535CC /* Main.storyboard in Resources */,
			);
			runOnlyForDeploymentPostprocessing = 0;
		};
/* End PBXResourcesBuildPhase section */

/* Begin PBXSourcesBuildPhase section */
		699AF33A212ECFF100F535CC /* Sources */ = {
			isa = PBXSourcesBuildPhase;
			buildActionMask = 2147483647;
			files = (
				699AF344212ECFF100F535CC /* ViewController.swift in Sources */,
				699AF342212ECFF100F535CC /* AppDelegate.swift in Sources */,
			);
			runOnlyForDeploymentPostprocessing = 0;
		};
/* End PBXSourcesBuildPhase section */

/* Begin PBXVariantGroup section */
		699AF345212ECFF100F535CC /* Main.storyboard */ = {
			isa = PBXVariantGroup;
			children = (
				699AF346212ECFF100F535CC /* Base */,
			);
			name = Main.storyboard;
			sourceTree = "<group>";
		};
		699AF34A212ECFF100F535CC /* LaunchScreen.storyboard */ = {
			isa = PBXVariantGroup;
			children = (
				699AF34B212ECFF100F535CC /* Base */,
			);
			name = LaunchScreen.storyboard;
			sourceTree = "<group>";
		};
/* End PBXVariantGroup section */

/* Begin XCBuildConfiguration section */
		699AF34E212ECFF100F535CC /* Debug */ = {
			isa = XCBuildConfiguration;
			buildSettings = {
				ALWAYS_SEARCH_USER_PATHS = NO;
				CLANG_ANALYZER_NONNULL = YES;
				CLANG_ANALYZER_NUMBER_OBJECT_CONVERSION = YES_AGGRESSIVE;
				CLANG_CXX_LANGUAGE_STANDARD = "gnu++14";
				CLANG_CXX_LIBRARY = "libc++";
				CLANG_ENABLE_MODULES = YES;
				CLANG_ENABLE_OBJC_ARC = YES;
				CLANG_WARN_BLOCK_CAPTURE_AUTORELEASING = YES;
				CLANG_WARN_BOOL_CONVERSION = YES;
				CLANG_WARN_COMMA = YES;
				CLANG_WARN_CONSTANT_CONVERSION = YES;
				CLANG_WARN_DIRECT_OBJC_ISA_USAGE = YES_ERROR;
				CLANG_WARN_DOCUMENTATION_COMMENTS = YES;
				CLANG_WARN_EMPTY_BODY = YES;
				CLANG_WARN_ENUM_CONVERSION = YES;
				CLANG_WARN_INFINITE_RECURSION = YES;
				CLANG_WARN_INT_CONVERSION = YES;
				CLANG_WARN_NON_LITERAL_NULL_CONVERSION = YES;
				CLANG_WARN_OBJC_LITERAL_CONVERSION = YES;
				CLANG_WARN_OBJC_ROOT_CLASS = YES_ERROR;
				CLANG_WARN_RANGE_LOOP_ANALYSIS = YES;
				CLANG_WARN_STRICT_PROTOTYPES = YES;
				CLANG_WARN_SUSPICIOUS_MOVE = YES;
				CLANG_WARN_UNGUARDED_AVAILABILITY = YES_AGGRESSIVE;
				CLANG_WARN_UNREACHABLE_CODE = YES;
				CLANG_WARN__DUPLICATE_METHOD_MATCH = YES;
				CODE_SIGN_IDENTITY = "iPhone Developer";
				COPY_PHASE_STRIP = NO;
				DEBUG_INFORMATION_FORMAT = dwarf;
				ENABLE_STRICT_OBJC_MSGSEND = YES;
				ENABLE_TESTABILITY = YES;
				GCC_C_LANGUAGE_STANDARD = gnu11;
				GCC_DYNAMIC_NO_PIC = NO;
				GCC_NO_COMMON_BLOCKS = YES;
				GCC_OPTIMIZATION_LEVEL = 0;
				GCC_PREPROCESSOR_DEFINITIONS = (
					"DEBUG=1",
					"$(inherited)",
				);
				GCC_WARN_64_TO_32_BIT_CONVERSION = YES;
				GCC_WARN_ABOUT_RETURN_TYPE = YES_ERROR;
				GCC_WARN_UNDECLARED_SELECTOR = YES;
				GCC_WARN_UNINITIALIZED_AUTOS = YES_AGGRESSIVE;
				GCC_WARN_UNUSED_FUNCTION = YES;
				GCC_WARN_UNUSED_VARIABLE = YES;
				IPHONEOS_DEPLOYMENT_TARGET = 11.2;
				MTL_ENABLE_DEBUG_INFO = YES;
				ONLY_ACTIVE_ARCH = YES;
				SDKROOT = iphoneos;
				SWIFT_ACTIVE_COMPILATION_CONDITIONS = DEBUG;
				SWIFT_OPTIMIZATION_LEVEL = "-Onone";
			};
			name = Debug;
		};
		699AF34F212ECFF100F535CC /* Release */ = {
			isa = XCBuildConfiguration;
			buildSettings = {
				ALWAYS_SEARCH_USER_PATHS = NO;
				CLANG_ANALYZER_NONNULL = YES;
				CLANG_ANALYZER_NUMBER_OBJECT_CONVERSION = YES_AGGRESSIVE;
				CLANG_CXX_LANGUAGE_STANDARD = "gnu++14";
				CLANG_CXX_LIBRARY = "libc++";
				CLANG_ENABLE_MODULES = YES;
				CLANG_ENABLE_OBJC_ARC = YES;
				CLANG_WARN_BLOCK_CAPTURE_AUTORELEASING = YES;
				CLANG_WARN_BOOL_CONVERSION = YES;
				CLANG_WARN_COMMA = YES;
				CLANG_WARN_CONSTANT_CONVERSION = YES;
				CLANG_WARN_DIRECT_OBJC_ISA_USAGE = YES_ERROR;
				CLANG_WARN_DOCUMENTATION_COMMENTS = YES;
				CLANG_WARN_EMPTY_BODY = YES;
				CLANG_WARN_ENUM_CONVERSION = YES;
				CLANG_WARN_INFINITE_RECURSION = YES;
				CLANG_WARN_INT_CONVERSION = YES;
				CLANG_WARN_NON_LITERAL_NULL_CONVERSION = YES;
				CLANG_WARN_OBJC_LITERAL_CONVERSION = YES;
				CLANG_WARN_OBJC_ROOT_CLASS = YES_ERROR;
				CLANG_WARN_RANGE_LOOP_ANALYSIS = YES;
				CLANG_WARN_STRICT_PROTOTYPES = YES;
				CLANG_WARN_SUSPICIOUS_MOVE = YES;
				CLANG_WARN_UNGUARDED_AVAILABILITY = YES_AGGRESSIVE;
				CLANG_WARN_UNREACHABLE_CODE = YES;
				CLANG_WARN__DUPLICATE_METHOD_MATCH = YES;
				CODE_SIGN_IDENTITY = "iPhone Developer";
				COPY_PHASE_STRIP = NO;
				DEBUG_INFORMATION_FORMAT = "dwarf-with-dsym";
				ENABLE_NS_ASSERTIONS = NO;
				ENABLE_STRICT_OBJC_MSGSEND = YES;
				GCC_C_LANGUAGE_STANDARD = gnu11;
				GCC_NO_COMMON_BLOCKS = YES;
				GCC_WARN_64_TO_32_BIT_CONVERSION = YES;
				GCC_WARN_ABOUT_RETURN_TYPE = YES_ERROR;
				GCC_WARN_UNDECLARED_SELECTOR = YES;
				GCC_WARN_UNINITIALIZED_AUTOS = YES_AGGRESSIVE;
				GCC_WARN_UNUSED_FUNCTION = YES;
				GCC_WARN_UNUSED_VARIABLE = YES;
				IPHONEOS_DEPLOYMENT_TARGET = 11.2;
				MTL_ENABLE_DEBUG_INFO = NO;
				SDKROOT = iphoneos;
				SWIFT_OPTIMIZATION_LEVEL = "-Owholemodule";
				VALIDATE_PRODUCT = YES;
			};
			name = Release;
		};
		699AF351212ECFF100F535CC /* Debug */ = {
			isa = XCBuildConfiguration;
			buildSettings = {
				ASSETCATALOG_COMPILER_APPICON_NAME = AppIcon;
				CODE_SIGN_STYLE = Automatic;
				DEVELOPMENT_TEAM = K8XTWQ7EWR;
				INFOPLIST_FILE = SwiftGDMap/Info.plist;
				LD_RUNPATH_SEARCH_PATHS = "$(inherited) @executable_path/Frameworks";
				PRODUCT_BUNDLE_IDENTIFIER = com.ios.summercamp.SwiftGDMap;
				PRODUCT_NAME = "$(TARGET_NAME)";
				SWIFT_VERSION = 4.0;
				TARGETED_DEVICE_FAMILY = "1,2";
			};
			name = Debug;
		};
		699AF352212ECFF100F535CC /* Release */ = {
			isa = XCBuildConfiguration;
			buildSettings = {
				ASSETCATALOG_COMPILER_APPICON_NAME = AppIcon;
				CODE_SIGN_STYLE = Automatic;
				DEVELOPMENT_TEAM = K8XTWQ7EWR;
				INFOPLIST_FILE = SwiftGDMap/Info.plist;
				LD_RUNPATH_SEARCH_PATHS = "$(inherited) @executable_path/Frameworks";
				PRODUCT_BUNDLE_IDENTIFIER = com.ios.summercamp.SwiftGDMap;
				PRODUCT_NAME = "$(TARGET_NAME)";
				SWIFT_VERSION = 4.0;
				TARGETED_DEVICE_FAMILY = "1,2";
			};
			name = Release;
		};
/* End XCBuildConfiguration section */

/* Begin XCConfigurationList section */
		699AF339212ECFF100F535CC /* Build configuration list for PBXProject "SwiftGDMap" */ = {
			isa = XCConfigurationList;
			buildConfigurations = (
				699AF34E212ECFF100F535CC /* Debug */,
				699AF34F212ECFF100F535CC /* Release */,
			);
			defaultConfigurationIsVisible = 0;
			defaultConfigurationName = Release;
		};
		699AF350212ECFF100F535CC /* Build configuration list for PBXNativeTarget "SwiftGDMap" */ = {
			isa = XCConfigurationList;
			buildConfigurations = (
				699AF351212ECFF100F535CC /* Debug */,
				699AF352212ECFF100F535CC /* Release */,
			);
			defaultConfigurationIsVisible = 0;
			defaultConfigurationName = Release;
		};
/* End XCConfigurationList section */
	};
	rootObject = 699AF336212ECFF100F535CC /* Project object */;
}
